
Microsoft Visual Studio Solution File, Format Version 12.00
# Visual Studio Version 16
VisualStudioVersion = 16.0.31729.503
MinimumVisualStudioVersion = 10.0.40219.1
Project("{FAE04EC0-301F-11D3-BF4B-00C04F79EFBC}") = "Generics_Day13", "Generics_Day13\Generics_Day13.csproj", "{93807B3C-6874-4CF3-9E65-19B5D02D83ED}"
EndProject
Global
	GlobalSection(SolutionConfigurationPlatforms) = preSolution
		Debug|Any CPU = Debug|Any CPU
		Release|Any CPU = Release|Any CPU
	EndGlobalSection
	GlobalSection(ProjectConfigurationPlatforms) = postSolution
		{93807B3C-6874-4CF3-9E65-19B5D02D83ED}.Debug|Any CPU.ActiveCfg = Debug|Any CPU
		{93807B3C-6874-4CF3-9E65-19B5D02D83ED}.Debug|Any CPU.Build.0 = Debug|Any CPU
		{93807B3C-6874-4CF3-9E65-19B5D02D83ED}.Release|Any CPU.ActiveCfg = Release|Any CPU
		{93807B3C-6874-4CF3-9E65-19B5D02D83ED}.Release|Any CPU.Build.0 = Release|Any CPU
	EndGlobalSection
	GlobalSection(SolutionProperties) = preSolution
		HideSolutionNode = FALSE
	EndGlobalSection
	GlobalSection(ExtensibilityGlobals) = postSolution
		SolutionGuid = {54376876-6D06-41DD-B25C-E3A002961697}
	EndGlobalSection
EndGlobal
